
Microsoft Visual Studio Solution File, Format Version 12.00
# Visual Studio Version 16
VisualStudioVersion = 16.0.30621.155
MinimumVisualStudioVersion = 10.0.40219.1
Project("{FAE04EC0-301F-11D3-BF4B-00C04F79EFBC}") = "HSchool.Winform", "HSchool.Winform\HSchool.Winform.csproj", "{98A828CC-D769-4B4C-A3BD-F5949337E410}"
EndProject
Global
	GlobalSection(SolutionConfigurationPlatforms) = preSolution
		Debug|Any CPU = Debug|Any CPU
		Release|Any CPU = Release|Any CPU
	EndGlobalSection
	GlobalSection(ProjectConfigurationPlatforms) = postSolution
		{98A828CC-D769-4B4C-A3BD-F5949337E410}.Debug|Any CPU.ActiveCfg = Debug|Any CPU
		{98A828CC-D769-4B4C-A3BD-F5949337E410}.Debug|Any CPU.Build.0 = Debug|Any CPU
		{98A828CC-D769-4B4C-A3BD-F5949337E410}.Release|Any CPU.ActiveCfg = Release|Any CPU
		{98A828CC-D769-4B4C-A3BD-F5949337E410}.Release|Any CPU.Build.0 = Release|Any CPU
	EndGlobalSection
	GlobalSection(SolutionProperties) = preSolution
		HideSolutionNode = FALSE
	EndGlobalSection
	GlobalSection(ExtensibilityGlobals) = postSolution
		SolutionGuid = {29AEC03A-E0AD-4640-9F10-F08257EB2DB5}
	EndGlobalSection
EndGlobal
